
Microsoft Visual Studio Solution File, Format Version 12.00
# Visual Studio Version 17
VisualStudioVersion = 17.14.36310.24 d17.14
MinimumVisualStudioVersion = 10.0.40219.1
Project("{FAE04EC0-301F-11D3-BF4B-00C04F79EFBC}") = "blob-trigger-tax-doc-ingest", "blob-trigger-tax-doc-ingest.csproj", "{666F735C-1229-43EC-803E-51EB96EC08CD}"
EndProject
Global
	GlobalSection(SolutionConfigurationPlatforms) = preSolution
		Debug|Any CPU = Debug|Any CPU
		Release|Any CPU = Release|Any CPU
	EndGlobalSection
	GlobalSection(ProjectConfigurationPlatforms) = postSolution
		{666F735C-1229-43EC-803E-51EB96EC08CD}.Debug|Any CPU.ActiveCfg = Debug|Any CPU
		{666F735C-1229-43EC-803E-51EB96EC08CD}.Debug|Any CPU.Build.0 = Debug|Any CPU
		{666F735C-1229-43EC-803E-51EB96EC08CD}.Release|Any CPU.ActiveCfg = Release|Any CPU
		{666F735C-1229-43EC-803E-51EB96EC08CD}.Release|Any CPU.Build.0 = Release|Any CPU
	EndGlobalSection
	GlobalSection(SolutionProperties) = preSolution
		HideSolutionNode = FALSE
	EndGlobalSection
	GlobalSection(ExtensibilityGlobals) = postSolution
		SolutionGuid = {9DDDDE75-583F-4AA9-979C-AEBB450B6599}
	EndGlobalSection
EndGlobal
